// !$*UTF8*$!
{
	archiveVersion = 1;
	classes = {
	};
	objectVersion = 46;
	objects = {

/* Begin PBXBuildFile section */
		3171B0E31ACE8FE500CBADC7 /* AppDelegate.swift in Sources */ = {isa = PBXBuildFile; fileRef = 3171B0E21ACE8FE500CBADC7 /* AppDelegate.swift */; };
		3171B0E61ACE8FE500CBADC7 /* testa.xcdatamodeld in Sources */ = {isa = PBXBuildFile; fileRef = 3171B0E41ACE8FE500CBADC7 /* testa.xcdatamodeld */; };
		3171B0E81ACE8FE500CBADC7 /* ViewController.swift in Sources */ = {isa = PBXBuildFile; fileRef = 3171B0E71ACE8FE500CBADC7 /* ViewController.swift */; };
		3171B0EB1ACE8FE500CBADC7 /* Main.storyboard in Resources */ = {isa = PBXBuildFile; fileRef = 3171B0E91ACE8FE500CBADC7 /* Main.storyboard */; };
		3171B0ED1ACE8FE500CBADC7 /* Images.xcassets in Resources */ = {isa = PBXBuildFile; fileRef = 3171B0EC1ACE8FE500CBADC7 /* Images.xcassets */; };
		3171B0F01ACE8FE500CBADC7 /* LaunchScreen.xib in Resources */ = {isa = PBXBuildFile; fileRef = 3171B0EE1ACE8FE500CBADC7 /* LaunchScreen.xib */; };
		3171B0FC1ACE8FE500CBADC7 /* testaTests.swift in Sources */ = {isa = PBXBuildFile; fileRef = 3171B0FB1ACE8FE500CBADC7 /* testaTests.swift */; };
/* End PBXBuildFile section */

/* Begin PBXContainerItemProxy section */
		3171B0F61ACE8FE500CBADC7 /* PBXContainerItemProxy */ = {
			isa = PBXContainerItemProxy;
			containerPortal = 3171B0D51ACE8FE500CBADC7 /* Project object */;
			proxyType = 1;
			remoteGlobalIDString = 3171B0DC1ACE8FE500CBADC7;
			remoteInfo = testa;
		};
/* End PBXContainerItemProxy section */

/* Begin PBXFileReference section */
		3171B0DD1ACE8FE500CBADC7 /* testa.app */ = {isa = PBXFileReference; explicitFileType = wrapper.application; includeInIndex = 0; path = testa.app; sourceTree = BUILT_PRODUCTS_DIR; };
		3171B0E11ACE8FE500CBADC7 /* Info.plist */ = {isa = PBXFileReference; lastKnownFileType = text.plist.xml; path = Info.plist; sourceTree = "<group>"; };
		3171B0E21ACE8FE500CBADC7 /* AppDelegate.swift */ = {isa = PBXFileReference; lastKnownFileType = sourcecode.swift; path = AppDelegate.swift; sourceTree = "<group>"; };
		3171B0E51ACE8FE500CBADC7 /* testa.xcdatamodel */ = {isa = PBXFileReference; lastKnownFileType = wrapper.xcdatamodel; path = testa.xcdatamodel; sourceTree = "<group>"; };
		3171B0E71ACE8FE500CBADC7 /* ViewController.swift */ = {isa = PBXFileReference; lastKnownFileType = sourcecode.swift; path = ViewController.swift; sourceTree = "<group>"; };
		3171B0EA1ACE8FE500CBADC7 /* Base */ = {isa = PBXFileReference; lastKnownFileType = file.storyboard; name = Base; path = Base.lproj/Main.storyboard; sourceTree = "<group>"; };
		3171B0EC1ACE8FE500CBADC7 /* Images.xcassets */ = {isa = PBXFileReference; lastKnownFileType = folder.assetcatalog; path = Images.xcassets; sourceTree = "<group>"; };
		3171B0EF1ACE8FE500CBADC7 /* Base */ = {isa = PBXFileReference; lastKnownFileType = file.xib; name = Base; path = Base.lproj/LaunchScreen.xib; sourceTree = "<group>"; };
		3171B0F51ACE8FE500CBADC7 /* testaTests.xctest */ = {isa = PBXFileReference; explicitFileType = wrapper.cfbundle; includeInIndex = 0; path = testaTests.xctest; sourceTree = BUILT_PRODUCTS_DIR; };
		3171B0FA1ACE8FE500CBADC7 /* Info.plist */ = {isa = PBXFileReference; lastKnownFileType = text.plist.xml; path = Info.plist; sourceTree = "<group>"; };
		3171B0FB1ACE8FE500CBADC7 /* testaTests.swift */ = {isa = PBXFileReference; lastKnownFileType = sourcecode.swift; path = testaTests.swift; sourceTree = "<group>"; };
/* End PBXFileReference section */

/* Begin PBXFrameworksBuildPhase section */
		3171B0DA1ACE8FE500CBADC7 /* Frameworks */ = {
			isa = PBXFrameworksBuildPhase;
			buildActionMask = 2147483647;
			files = (
			);
			runOnlyForDeploymentPostprocessing = 0;
		};
		3171B0F21ACE8FE500CBADC7 /* Frameworks */ = {
			isa = PBXFrameworksBuildPhase;
			buildActionMask = 2147483647;
			files = (
			);
			runOnlyForDeploymentPostprocessing = 0;
		};
/* End PBXFrameworksBuildPhase section */

/* Begin PBXGroup section */
		3171B0D41ACE8FE500CBADC7 = {
			isa = PBXGroup;
			children = (
				3171B0DF1ACE8FE500CBADC7 /* testa */,
				3171B0F81ACE8FE500CBADC7 /* testaTests */,
				3171B0DE1ACE8FE500CBADC7 /* Products */,
			);
			sourceTree = "<group>";
		};
		3171B0DE1ACE8FE500CBADC7 /* Products */ = {
			isa = PBXGroup;
			children = (
				3171B0DD1ACE8FE500CBADC7 /* testa.app */,
				3171B0F51ACE8FE500CBADC7 /* testaTests.xctest */,
			);
			name = Products;
			sourceTree = "<group>";
		};
		3171B0DF1ACE8FE500CBADC7 /* testa */ = {
			isa = PBXGroup;
			children = (
				3171B0E21ACE8FE500CBADC7 /* AppDelegate.swift */,
				3171B0E71ACE8FE500CBADC7 /* ViewController.swift */,
				3171B0E91ACE8FE500CBADC7 /* Main.storyboard */,
				3171B0EC1ACE8FE500CBADC7 /* Images.xcassets */,
				3171B0EE1ACE8FE500CBADC7 /* LaunchScreen.xib */,
				3171B0E41ACE8FE500CBADC7 /* testa.xcdatamodeld */,
				3171B0E01ACE8FE500CBADC7 /* Supporting Files */,
			);
			path = testa;
			sourceTree = "<group>";
		};
		3171B0E01ACE8FE500CBADC7 /* Supporting Files */ = {
			isa = PBXGroup;
			children = (
				3171B0E11ACE8FE500CBADC7 /* Info.plist */,
			);
			name = "Supporting Files";
			sourceTree = "<group>";
		};
		3171B0F81ACE8FE500CBADC7 /* testaTests */ = {
			isa = PBXGroup;
			children = (
				3171B0FB1ACE8FE500CBADC7 /* testaTests.swift */,
				3171B0F91ACE8FE500CBADC7 /* Supporting Files */,
			);
			path = testaTests;
			sourceTree = "<group>";
		};
		3171B0F91ACE8FE500CBADC7 /* Supporting Files */ = {
			isa = PBXGroup;
			children = (
				3171B0FA1ACE8FE500CBADC7 /* Info.plist */,
			);
			name = "Supporting Files";
			sourceTree = "<group>";
		};
/* End PBXGroup section */

/* Begin PBXNativeTarget section */
		3171B0DC1ACE8FE500CBADC7 /* testa */ = {
			isa = PBXNativeTarget;
			buildConfigurationList = 3171B0FF1ACE8FE500CBADC7 /* Build configuration list for PBXNativeTarget "testa" */;
			buildPhases = (
				3171B0D91ACE8FE500CBADC7 /* Sources */,
				3171B0DA1ACE8FE500CBADC7 /* Frameworks */,
				3171B0DB1ACE8FE500CBADC7 /* Resources */,
			);
			buildRules = (
			);
			dependencies = (
			);
			name = testa;
			productName = testa;
			productReference = 3171B0DD1ACE8FE500CBADC7 /* testa.app */;
			productType = "com.apple.product-type.application";
		};
		3171B0F41ACE8FE500CBADC7 /* testaTests */ = {
			isa = PBXNativeTarget;
			buildConfigurationList = 3171B1021ACE8FE500CBADC7 /* Build configuration list for PBXNativeTarget "testaTests" */;
			buildPhases = (
				3171B0F11ACE8FE500CBADC7 /* Sources */,
				3171B0F21ACE8FE500CBADC7 /* Frameworks */,
				3171B0F31ACE8FE500CBADC7 /* Resources */,
			);
			buildRules = (
			);
			dependencies = (
				3171B0F71ACE8FE500CBADC7 /* PBXTargetDependency */,
			);
			name = testaTests;
			productName = testaTests;
			productReference = 3171B0F51ACE8FE500CBADC7 /* testaTests.xctest */;
			productType = "com.apple.product-type.bundle.unit-test";
		};
/* End PBXNativeTarget section */

/* Begin PBXProject section */
		3171B0D51ACE8FE500CBADC7 /* Project object */ = {
			isa = PBXProject;
			attributes = {
				LastUpgradeCheck = 0620;
				ORGANIZATIONNAME = "Service research center";
				TargetAttributes = {
					3171B0DC1ACE8FE500CBADC7 = {
						CreatedOnToolsVersion = 6.2;
					};
					3171B0F41ACE8FE500CBADC7 = {
						CreatedOnToolsVersion = 6.2;
						TestTargetID = 3171B0DC1ACE8FE500CBADC7;
					};
				};
			};
			buildConfigurationList = 3171B0D81ACE8FE500CBADC7 /* Build configuration list for PBXProject "testa" */;
			compatibilityVersion = "Xcode 3.2";
			developmentRegion = English;
			hasScannedForEncodings = 0;
			knownRegions = (
				en,
				Base,
			);
			mainGroup = 3171B0D41ACE8FE500CBADC7;
			productRefGroup = 3171B0DE1ACE8FE500CBADC7 /* Products */;
			projectDirPath = "";
			projectRoot = "";
			targets = (
				3171B0DC1ACE8FE500CBADC7 /* testa */,
				3171B0F41ACE8FE500CBADC7 /* testaTests */,
			);
		};
/* End PBXProject section */

/* Begin PBXResourcesBuildPhase section */
		3171B0DB1ACE8FE500CBADC7 /* Resources */ = {
			isa = PBXResourcesBuildPhase;
			buildActionMask = 2147483647;
			files = (
				3171B0EB1ACE8FE500CBADC7 /* Main.storyboard in Resources */,
				3171B0F01ACE8FE500CBADC7 /* LaunchScreen.xib in Resources */,
				3171B0ED1ACE8FE500CBADC7 /* Images.xcassets in Resources */,
			);
			runOnlyForDeploymentPostprocessing = 0;
		};
		3171B0F31ACE8FE500CBADC7 /* Resources */ = {
			isa = PBXResourcesBuildPhase;
			buildActionMask = 2147483647;
			files = (
			);
			runOnlyForDeploymentPostprocessing = 0;
		};
/* End PBXResourcesBuildPhase section */

/* Begin PBXSourcesBuildPhase section */
		3171B0D91ACE8FE500CBADC7 /* Sources */ = {
			isa = PBXSourcesBuildPhase;
			buildActionMask = 2147483647;
			files = (
				3171B0E81ACE8FE500CBADC7 /* ViewController.swift in Sources */,
				3171B0E31ACE8FE500CBADC7 /* AppDelegate.swift in Sources */,
				3171B0E61ACE8FE500CBADC7 /* testa.xcdatamodeld in Sources */,
			);
			runOnlyForDeploymentPostprocessing = 0;
		};
		3171B0F11ACE8FE500CBADC7 /* Sources */ = {
			isa = PBXSourcesBuildPhase;
			buildActionMask = 2147483647;
			files = (
				3171B0FC1ACE8FE500CBADC7 /* testaTests.swift in Sources */,
			);
			runOnlyForDeploymentPostprocessing = 0;
		};
/* End PBXSourcesBuildPhase section */

/* Begin PBXTargetDependency section */
		3171B0F71ACE8FE500CBADC7 /* PBXTargetDependency */ = {
			isa = PBXTargetDependency;
			target = 3171B0DC1ACE8FE500CBADC7 /* testa */;
			targetProxy = 3171B0F61ACE8FE500CBADC7 /* PBXContainerItemProxy */;
		};
/* End PBXTargetDependency section */

/* Begin PBXVariantGroup section */
		3171B0E91ACE8FE500CBADC7 /* Main.storyboard */ = {
			isa = PBXVariantGroup;
			children = (
				3171B0EA1ACE8FE500CBADC7 /* Base */,
			);
			name = Main.storyboard;
			sourceTree = "<group>";
		};
		3171B0EE1ACE8FE500CBADC7 /* LaunchScreen.xib */ = {
			isa = PBXVariantGroup;
			children = (
				3171B0EF1ACE8FE500CBADC7 /* Base */,
			);
			name = LaunchScreen.xib;
			sourceTree = "<group>";
		};
/* End PBXVariantGroup section */

/* Begin XCBuildConfiguration section */
		3171B0FD1ACE8FE500CBADC7 /* Debug */ = {
			isa = XCBuildConfiguration;
			buildSettings = {
				ALWAYS_SEARCH_USER_PATHS = NO;
				CLANG_CXX_LANGUAGE_STANDARD = "gnu++0x";
				CLANG_CXX_LIBRARY = "libc++";
				CLANG_ENABLE_MODULES = YES;
				CLANG_ENABLE_OBJC_ARC = YES;
				CLANG_WARN_BOOL_CONVERSION = YES;
				CLANG_WARN_CONSTANT_CONVERSION = YES;
				CLANG_WARN_DIRECT_OBJC_ISA_USAGE = YES_ERROR;
				CLANG_WARN_EMPTY_BODY = YES;
				CLANG_WARN_ENUM_CONVERSION = YES;
				CLANG_WARN_INT_CONVERSION = YES;
				CLANG_WARN_OBJC_ROOT_CLASS = YES_ERROR;
				CLANG_WARN_UNREACHABLE_CODE = YES;
				CLANG_WARN__DUPLICATE_METHOD_MATCH = YES;
				"CODE_SIGN_IDENTITY[sdk=iphoneos*]" = "iPhone Developer";
				COPY_PHASE_STRIP = NO;
				ENABLE_STRICT_OBJC_MSGSEND = YES;
				GCC_C_LANGUAGE_STANDARD = gnu99;
				GCC_DYNAMIC_NO_PIC = NO;
				GCC_OPTIMIZATION_LEVEL = 0;
				GCC_PREPROCESSOR_DEFINITIONS = (
					"DEBUG=1",
					"$(inherited)",
				);
				GCC_SYMBOLS_PRIVATE_EXTERN = NO;
				GCC_WARN_64_TO_32_BIT_CONVERSION = YES;
				GCC_WARN_ABOUT_RETURN_TYPE = YES_ERROR;
				GCC_WARN_UNDECLARED_SELECTOR = YES;
				GCC_WARN_UNINITIALIZED_AUTOS = YES_AGGRESSIVE;
				GCC_WARN_UNUSED_FUNCTION = YES;
				GCC_WARN_UNUSED_VARIABLE = YES;
				IPHONEOS_DEPLOYMENT_TARGET = 8.2;
				MTL_ENABLE_DEBUG_INFO = YES;
				ONLY_ACTIVE_ARCH = YES;
				SDKROOT = iphoneos;
				SWIFT_OPTIMIZATION_LEVEL = "-Onone";
			};
			name = Debug;
		};
		3171B0FE1ACE8FE500CBADC7 /* Release */ = {
			isa = XCBuildConfiguration;
			buildSettings = {
				ALWAYS_SEARCH_USER_PATHS = NO;
				CLANG_CXX_LANGUAGE_STANDARD = "gnu++0x";
				CLANG_CXX_LIBRARY = "libc++";
				CLANG_ENABLE_MODULES = YES;
				CLANG_ENABLE_OBJC_ARC = YES;
				CLANG_WARN_BOOL_CONVERSION = YES;
				CLANG_WARN_CONSTANT_CONVERSION = YES;
				CLANG_WARN_DIRECT_OBJC_ISA_USAGE = YES_ERROR;
				CLANG_WARN_EMPTY_BODY = YES;
				CLANG_WARN_ENUM_CONVERSION = YES;
				CLANG_WARN_INT_CONVERSION = YES;
				CLANG_WARN_OBJC_ROOT_CLASS = YES_ERROR;
				CLANG_WARN_UNREACHABLE_CODE = YES;
				CLANG_WARN__DUPLICATE_METHOD_MATCH = YES;
				"CODE_SIGN_IDENTITY[sdk=iphoneos*]" = "iPhone Developer";
				COPY_PHASE_STRIP = NO;
				ENABLE_NS_ASSERTIONS = NO;
				ENABLE_STRICT_OBJC_MSGSEND = YES;
				GCC_C_LANGUAGE_STANDARD = gnu99;
				GCC_WARN_64_TO_32_BIT_CONVERSION = YES;
				GCC_WARN_ABOUT_RETURN_TYPE = YES_ERROR;
				GCC_WARN_UNDECLARED_SELECTOR = YES;
				GCC_WARN_UNINITIALIZED_AUTOS = YES_AGGRESSIVE;
				GCC_WARN_UNUSED_FUNCTION = YES;
				GCC_WARN_UNUSED_VARIABLE = YES;
				IPHONEOS_DEPLOYMENT_TARGET = 8.2;
				MTL_ENABLE_DEBUG_INFO = NO;
				SDKROOT = iphoneos;
				VALIDATE_PRODUCT = YES;
			};
			name = Release;
		};
		3171B1001ACE8FE500CBADC7 /* Debug */ = {
			isa = XCBuildConfiguration;
			buildSettings = {
				ASSETCATALOG_COMPILER_APPICON_NAME = AppIcon;
				INFOPLIST_FILE = testa/Info.plist;
				LD_RUNPATH_SEARCH_PATHS = "$(inherited) @executable_path/Frameworks";
				PRODUCT_NAME = "$(TARGET_NAME)";
			};
			name = Debug;
		};
		3171B1011ACE8FE500CBADC7 /* Release */ = {
			isa = XCBuildConfiguration;
			buildSettings = {
				ASSETCATALOG_COMPILER_APPICON_NAME = AppIcon;
				INFOPLIST_FILE = testa/Info.plist;
				LD_RUNPATH_SEARCH_PATHS = "$(inherited) @executable_path/Frameworks";
				PRODUCT_NAME = "$(TARGET_NAME)";
			};
			name = Release;
		};
		3171B1031ACE8FE500CBADC7 /* Debug */ = {
			isa = XCBuildConfiguration;
			buildSettings = {
				BUNDLE_LOADER = "$(TEST_HOST)";
				FRAMEWORK_SEARCH_PATHS = (
					"$(SDKROOT)/Developer/Library/Frameworks",
					"$(inherited)",
				);
				GCC_PREPROCESSOR_DEFINITIONS = (
					"DEBUG=1",
					"$(inherited)",
				);
				INFOPLIST_FILE = testaTests/Info.plist;
				LD_RUNPATH_SEARCH_PATHS = "$(inherited) @executable_path/Frameworks @loader_path/Frameworks";
				PRODUCT_NAME = "$(TARGET_NAME)";
				TEST_HOST = "$(BUILT_PRODUCTS_DIR)/testa.app/testa";
			};
			name = Debug;
		};
		3171B1041ACE8FE500CBADC7 /* Release */ = {
			isa = XCBuildConfiguration;
			buildSettings = {
				BUNDLE_LOADER = "$(TEST_HOST)";
				FRAMEWORK_SEARCH_PATHS = (
					"$(SDKROOT)/Developer/Library/Frameworks",
					"$(inherited)",
				);
				INFOPLIST_FILE = testaTests/Info.plist;
				LD_RUNPATH_SEARCH_PATHS = "$(inherited) @executable_path/Frameworks @loader_path/Frameworks";
				PRODUCT_NAME = "$(TARGET_NAME)";
				TEST_HOST = "$(BUILT_PRODUCTS_DIR)/testa.app/testa";
			};
			name = Release;
		};
/* End XCBuildConfiguration section */

/* Begin XCConfigurationList section */
		3171B0D81ACE8FE500CBADC7 /* Build configuration list for PBXProject "testa" */ = {
			isa = XCConfigurationList;
			buildConfigurations = (
				3171B0FD1ACE8FE500CBADC7 /* Debug */,
				3171B0FE1ACE8FE500CBADC7 /* Release */,
			);
			defaultConfigurationIsVisible = 0;
			defaultConfigurationName = Release;
		};
		3171B0FF1ACE8FE500CBADC7 /* Build configuration list for PBXNativeTarget "testa" */ = {
			isa = XCConfigurationList;
			buildConfigurations = (
				3171B1001ACE8FE500CBADC7 /* Debug */,
				3171B1011ACE8FE500CBADC7 /* Release */,
			);
			defaultConfigurationIsVisible = 0;
		};
		3171B1021ACE8FE500CBADC7 /* Build configuration list for PBXNativeTarget "testaTests" */ = {
			isa = XCConfigurationList;
			buildConfigurations = (
				3171B1031ACE8FE500CBADC7 /* Debug */,
				3171B1041ACE8FE500CBADC7 /* Release */,
			);
			defaultConfigurationIsVisible = 0;
		};
/* End XCConfigurationList section */

/* Begin XCVersionGroup section */
		3171B0E41ACE8FE500CBADC7 /* testa.xcdatamodeld */ = {
			isa = XCVersionGroup;
			children = (
				3171B0E51ACE8FE500CBADC7 /* testa.xcdatamodel */,
			);
			currentVersion = 3171B0E51ACE8FE500CBADC7 /* testa.xcdatamodel */;
			path = testa.xcdatamodeld;
			sourceTree = "<group>";
			versionGroupType = wrapper.xcdatamodel;
		};
/* End XCVersionGroup section */
	};
	rootObject = 3171B0D51ACE8FE500CBADC7 /* Project object */;
}
